
Microsoft Visual Studio Solution File, Format Version 12.00
# Visual Studio Version 16
VisualStudioVersion = 16.0.29613.14
MinimumVisualStudioVersion = 10.0.40219.1
Project("{888888A0-9F3D-457C-B088-3A5042F75D52}") = "BFS", "BFS\BFS.pyproj", "{0AEE608E-1CDB-4017-885C-A8A05F8C8402}"
EndProject
Global
	GlobalSection(SolutionConfigurationPlatforms) = preSolution
		Debug|Any CPU = Debug|Any CPU
		Release|Any CPU = Release|Any CPU
	EndGlobalSection
	GlobalSection(ProjectConfigurationPlatforms) = postSolution
		{0AEE608E-1CDB-4017-885C-A8A05F8C8402}.Debug|Any CPU.ActiveCfg = Debug|Any CPU
		{0AEE608E-1CDB-4017-885C-A8A05F8C8402}.Release|Any CPU.ActiveCfg = Release|Any CPU
	EndGlobalSection
	GlobalSection(SolutionProperties) = preSolution
		HideSolutionNode = FALSE
	EndGlobalSection
	GlobalSection(ExtensibilityGlobals) = postSolution
		SolutionGuid = {B4ACB383-2DB6-4857-B40A-251EED8838B5}
	EndGlobalSection
EndGlobal
